
Microsoft Visual Studio Solution File, Format Version 12.00
# Visual Studio Version 16
VisualStudioVersion = 16.0.32002.261
MinimumVisualStudioVersion = 10.0.40219.1
Project("{FAE04EC0-301F-11D3-BF4B-00C04F79EFBC}") = "01.UniqueUsernames", "01.UniqueUsernames\01.UniqueUsernames.csproj", "{DBC8AFFD-87B8-47CF-8B9E-2F40DAC7BED4}"
EndProject
Global
	GlobalSection(SolutionConfigurationPlatforms) = preSolution
		Debug|Any CPU = Debug|Any CPU
		Release|Any CPU = Release|Any CPU
	EndGlobalSection
	GlobalSection(ProjectConfigurationPlatforms) = postSolution
		{DBC8AFFD-87B8-47CF-8B9E-2F40DAC7BED4}.Debug|Any CPU.ActiveCfg = Debug|Any CPU
		{DBC8AFFD-87B8-47CF-8B9E-2F40DAC7BED4}.Debug|Any CPU.Build.0 = Debug|Any CPU
		{DBC8AFFD-87B8-47CF-8B9E-2F40DAC7BED4}.Release|Any CPU.ActiveCfg = Release|Any CPU
		{DBC8AFFD-87B8-47CF-8B9E-2F40DAC7BED4}.Release|Any CPU.Build.0 = Release|Any CPU
	EndGlobalSection
	GlobalSection(SolutionProperties) = preSolution
		HideSolutionNode = FALSE
	EndGlobalSection
	GlobalSection(ExtensibilityGlobals) = postSolution
		SolutionGuid = {93362910-D79F-434E-8913-4852BB0ACAED}
	EndGlobalSection
EndGlobal
