
Microsoft Visual Studio Solution File, Format Version 12.00
# Visual Studio Version 16
VisualStudioVersion = 16.0.32002.261
MinimumVisualStudioVersion = 10.0.40219.1
Project("{9A19103F-16F7-4668-BE54-9A1E7A4F7556}") = "01.OddLines", "01.OddLines\01.OddLines.csproj", "{A5CF933E-60CD-4199-A441-17B724167471}"
EndProject
Project("{9A19103F-16F7-4668-BE54-9A1E7A4F7556}") = "02.LineNumbers", "02.LineNumbers\02.LineNumbers.csproj", "{67C4D0A6-4C08-47DB-949D-8B5A25ABA450}"
EndProject
Project("{9A19103F-16F7-4668-BE54-9A1E7A4F7556}") = "WordCount", "WordCount\WordCount.csproj", "{F573B9CB-C21E-4978-B8C8-9113A8019666}"
EndProject
Project("{9A19103F-16F7-4668-BE54-9A1E7A4F7556}") = "MergeFiles", "MergeFiles\MergeFiles.csproj", "{507D8C0E-894B-4395-B8E1-ABC97DD8F025}"
EndProject
Project("{9A19103F-16F7-4668-BE54-9A1E7A4F7556}") = "ExtractBytes", "ExtractBytes\ExtractBytes.csproj", "{B858B15F-0299-4B6C-BA08-28CA0BE37841}"
EndProject
Project("{FAE04EC0-301F-11D3-BF4B-00C04F79EFBC}") = "SplitMergeBinaryFiles", "SplitMergeBinaryFiles\SplitMergeBinaryFiles.csproj", "{E0A71A6D-5E3E-422D-80FA-E6AB78AF42BE}"
EndProject
Global
	GlobalSection(SolutionConfigurationPlatforms) = preSolution
		Debug|Any CPU = Debug|Any CPU
		Release|Any CPU = Release|Any CPU
	EndGlobalSection
	GlobalSection(ProjectConfigurationPlatforms) = postSolution
		{A5CF933E-60CD-4199-A441-17B724167471}.Debug|Any CPU.ActiveCfg = Debug|Any CPU
		{A5CF933E-60CD-4199-A441-17B724167471}.Debug|Any CPU.Build.0 = Debug|Any CPU
		{A5CF933E-60CD-4199-A441-17B724167471}.Release|Any CPU.ActiveCfg = Release|Any CPU
		{A5CF933E-60CD-4199-A441-17B724167471}.Release|Any CPU.Build.0 = Release|Any CPU
		{67C4D0A6-4C08-47DB-949D-8B5A25ABA450}.Debug|Any CPU.ActiveCfg = Debug|Any CPU
		{67C4D0A6-4C08-47DB-949D-8B5A25ABA450}.Debug|Any CPU.Build.0 = Debug|Any CPU
		{67C4D0A6-4C08-47DB-949D-8B5A25ABA450}.Release|Any CPU.ActiveCfg = Release|Any CPU
		{67C4D0A6-4C08-47DB-949D-8B5A25ABA450}.Release|Any CPU.Build.0 = Release|Any CPU
		{F573B9CB-C21E-4978-B8C8-9113A8019666}.Debug|Any CPU.ActiveCfg = Debug|Any CPU
		{F573B9CB-C21E-4978-B8C8-9113A8019666}.Debug|Any CPU.Build.0 = Debug|Any CPU
		{F573B9CB-C21E-4978-B8C8-9113A8019666}.Release|Any CPU.ActiveCfg = Release|Any CPU
		{F573B9CB-C21E-4978-B8C8-9113A8019666}.Release|Any CPU.Build.0 = Release|Any CPU
		{507D8C0E-894B-4395-B8E1-ABC97DD8F025}.Debug|Any CPU.ActiveCfg = Debug|Any CPU
		{507D8C0E-894B-4395-B8E1-ABC97DD8F025}.Debug|Any CPU.Build.0 = Debug|Any CPU
		{507D8C0E-894B-4395-B8E1-ABC97DD8F025}.Release|Any CPU.ActiveCfg = Release|Any CPU
		{507D8C0E-894B-4395-B8E1-ABC97DD8F025}.Release|Any CPU.Build.0 = Release|Any CPU
		{B858B15F-0299-4B6C-BA08-28CA0BE37841}.Debug|Any CPU.ActiveCfg = Debug|Any CPU
		{B858B15F-0299-4B6C-BA08-28CA0BE37841}.Debug|Any CPU.Build.0 = Debug|Any CPU
		{B858B15F-0299-4B6C-BA08-28CA0BE37841}.Release|Any CPU.ActiveCfg = Release|Any CPU
		{B858B15F-0299-4B6C-BA08-28CA0BE37841}.Release|Any CPU.Build.0 = Release|Any CPU
		{E0A71A6D-5E3E-422D-80FA-E6AB78AF42BE}.Debug|Any CPU.ActiveCfg = Debug|Any CPU
		{E0A71A6D-5E3E-422D-80FA-E6AB78AF42BE}.Debug|Any CPU.Build.0 = Debug|Any CPU
		{E0A71A6D-5E3E-422D-80FA-E6AB78AF42BE}.Release|Any CPU.ActiveCfg = Release|Any CPU
		{E0A71A6D-5E3E-422D-80FA-E6AB78AF42BE}.Release|Any CPU.Build.0 = Release|Any CPU
	EndGlobalSection
	GlobalSection(SolutionProperties) = preSolution
		HideSolutionNode = FALSE
	EndGlobalSection
	GlobalSection(ExtensibilityGlobals) = postSolution
		SolutionGuid = {7CB77032-21E0-4E12-A246-9BB71A5AF821}
	EndGlobalSection
EndGlobal
