
Microsoft Visual Studio Solution File, Format Version 12.00
# Visual Studio Version 16
VisualStudioVersion = 16.0.32002.261
MinimumVisualStudioVersion = 10.0.40219.1
Project("{9A19103F-16F7-4668-BE54-9A1E7A4F7556}") = "1.SumMatrixElements", "1.SumMatrixElements\1.SumMatrixElements.csproj", "{9F335166-9D33-4459-B122-4F6A01681F7A}"
EndProject
Project("{9A19103F-16F7-4668-BE54-9A1E7A4F7556}") = "2.SumMatrixColumns", "2.SumMatrixColumns\2.SumMatrixColumns.csproj", "{3CC05AC7-EA82-4CB8-8C09-EDFED12BE064}"
EndProject
Project("{9A19103F-16F7-4668-BE54-9A1E7A4F7556}") = "3.PrimaryDiagonal", "3.PrimaryDiagonal\3.PrimaryDiagonal.csproj", "{3E8C69AB-7C3A-4E90-9177-0C6B99EEB470}"
EndProject
Project("{9A19103F-16F7-4668-BE54-9A1E7A4F7556}") = "4.SymbolInMatrix", "4.SymbolInMatrix\4.SymbolInMatrix.csproj", "{81B14E50-7E71-471F-9F38-FB63E3C7616F}"
EndProject
Project("{9A19103F-16F7-4668-BE54-9A1E7A4F7556}") = "5.SquareWithMaximumSum", "5.SquareWithMaximumSum\5.SquareWithMaximumSum.csproj", "{BB137527-CCB1-4B53-B624-F31335E1DF08}"
EndProject
Project("{9A19103F-16F7-4668-BE54-9A1E7A4F7556}") = "6.Jagged-ArrayModification", "6.Jagged-ArrayModification\6.Jagged-ArrayModification.csproj", "{D57DE421-1BD0-4693-B2AC-B97250C78DB3}"
EndProject
Project("{FAE04EC0-301F-11D3-BF4B-00C04F79EFBC}") = "7.PascalTriangle", "7.PascalTriangle\7.PascalTriangle.csproj", "{C936D94B-F0BA-4B29-A6E0-921301EADE6B}"
EndProject
Global
	GlobalSection(SolutionConfigurationPlatforms) = preSolution
		Debug|Any CPU = Debug|Any CPU
		Release|Any CPU = Release|Any CPU
	EndGlobalSection
	GlobalSection(ProjectConfigurationPlatforms) = postSolution
		{9F335166-9D33-4459-B122-4F6A01681F7A}.Debug|Any CPU.ActiveCfg = Debug|Any CPU
		{9F335166-9D33-4459-B122-4F6A01681F7A}.Debug|Any CPU.Build.0 = Debug|Any CPU
		{9F335166-9D33-4459-B122-4F6A01681F7A}.Release|Any CPU.ActiveCfg = Release|Any CPU
		{9F335166-9D33-4459-B122-4F6A01681F7A}.Release|Any CPU.Build.0 = Release|Any CPU
		{3CC05AC7-EA82-4CB8-8C09-EDFED12BE064}.Debug|Any CPU.ActiveCfg = Debug|Any CPU
		{3CC05AC7-EA82-4CB8-8C09-EDFED12BE064}.Debug|Any CPU.Build.0 = Debug|Any CPU
		{3CC05AC7-EA82-4CB8-8C09-EDFED12BE064}.Release|Any CPU.ActiveCfg = Release|Any CPU
		{3CC05AC7-EA82-4CB8-8C09-EDFED12BE064}.Release|Any CPU.Build.0 = Release|Any CPU
		{3E8C69AB-7C3A-4E90-9177-0C6B99EEB470}.Debug|Any CPU.ActiveCfg = Debug|Any CPU
		{3E8C69AB-7C3A-4E90-9177-0C6B99EEB470}.Debug|Any CPU.Build.0 = Debug|Any CPU
		{3E8C69AB-7C3A-4E90-9177-0C6B99EEB470}.Release|Any CPU.ActiveCfg = Release|Any CPU
		{3E8C69AB-7C3A-4E90-9177-0C6B99EEB470}.Release|Any CPU.Build.0 = Release|Any CPU
		{81B14E50-7E71-471F-9F38-FB63E3C7616F}.Debug|Any CPU.ActiveCfg = Debug|Any CPU
		{81B14E50-7E71-471F-9F38-FB63E3C7616F}.Debug|Any CPU.Build.0 = Debug|Any CPU
		{81B14E50-7E71-471F-9F38-FB63E3C7616F}.Release|Any CPU.ActiveCfg = Release|Any CPU
		{81B14E50-7E71-471F-9F38-FB63E3C7616F}.Release|Any CPU.Build.0 = Release|Any CPU
		{BB137527-CCB1-4B53-B624-F31335E1DF08}.Debug|Any CPU.ActiveCfg = Debug|Any CPU
		{BB137527-CCB1-4B53-B624-F31335E1DF08}.Debug|Any CPU.Build.0 = Debug|Any CPU
		{BB137527-CCB1-4B53-B624-F31335E1DF08}.Release|Any CPU.ActiveCfg = Release|Any CPU
		{BB137527-CCB1-4B53-B624-F31335E1DF08}.Release|Any CPU.Build.0 = Release|Any CPU
		{D57DE421-1BD0-4693-B2AC-B97250C78DB3}.Debug|Any CPU.ActiveCfg = Debug|Any CPU
		{D57DE421-1BD0-4693-B2AC-B97250C78DB3}.Debug|Any CPU.Build.0 = Debug|Any CPU
		{D57DE421-1BD0-4693-B2AC-B97250C78DB3}.Release|Any CPU.ActiveCfg = Release|Any CPU
		{D57DE421-1BD0-4693-B2AC-B97250C78DB3}.Release|Any CPU.Build.0 = Release|Any CPU
		{C936D94B-F0BA-4B29-A6E0-921301EADE6B}.Debug|Any CPU.ActiveCfg = Debug|Any CPU
		{C936D94B-F0BA-4B29-A6E0-921301EADE6B}.Debug|Any CPU.Build.0 = Debug|Any CPU
		{C936D94B-F0BA-4B29-A6E0-921301EADE6B}.Release|Any CPU.ActiveCfg = Release|Any CPU
		{C936D94B-F0BA-4B29-A6E0-921301EADE6B}.Release|Any CPU.Build.0 = Release|Any CPU
	EndGlobalSection
	GlobalSection(SolutionProperties) = preSolution
		HideSolutionNode = FALSE
	EndGlobalSection
	GlobalSection(ExtensibilityGlobals) = postSolution
		SolutionGuid = {3F9A6559-7A98-422B-B263-D34E02360330}
	EndGlobalSection
EndGlobal
