
Microsoft Visual Studio Solution File, Format Version 12.00
# Visual Studio Version 16
VisualStudioVersion = 16.0.32002.261
MinimumVisualStudioVersion = 10.0.40219.1
Project("{FAE04EC0-301F-11D3-BF4B-00C04F79EFBC}") = "StockMarket", "StockMarket\StockMarket.csproj", "{A6D20C7A-243F-46E8-B296-7DB2C6A34FFD}"
EndProject
Global
	GlobalSection(SolutionConfigurationPlatforms) = preSolution
		Debug|Any CPU = Debug|Any CPU
		Release|Any CPU = Release|Any CPU
	EndGlobalSection
	GlobalSection(ProjectConfigurationPlatforms) = postSolution
		{A6D20C7A-243F-46E8-B296-7DB2C6A34FFD}.Debug|Any CPU.ActiveCfg = Debug|Any CPU
		{A6D20C7A-243F-46E8-B296-7DB2C6A34FFD}.Debug|Any CPU.Build.0 = Debug|Any CPU
		{A6D20C7A-243F-46E8-B296-7DB2C6A34FFD}.Release|Any CPU.ActiveCfg = Release|Any CPU
		{A6D20C7A-243F-46E8-B296-7DB2C6A34FFD}.Release|Any CPU.Build.0 = Release|Any CPU
	EndGlobalSection
	GlobalSection(SolutionProperties) = preSolution
		HideSolutionNode = FALSE
	EndGlobalSection
	GlobalSection(ExtensibilityGlobals) = postSolution
		SolutionGuid = {3A976258-CE84-4568-9FAC-DDB093882B65}
	EndGlobalSection
EndGlobal
