
Microsoft Visual Studio Solution File, Format Version 12.00
# Visual Studio Version 16
VisualStudioVersion = 16.0.32002.261
MinimumVisualStudioVersion = 10.0.40219.1
Project("{9A19103F-16F7-4668-BE54-9A1E7A4F7556}") = "02.Selling", "02.Selling\02.Selling.csproj", "{1EA3C392-8A4F-460D-92FF-EB57970F78C1}"
EndProject
Project("{FAE04EC0-301F-11D3-BF4B-00C04F79EFBC}") = "01.Cooking", "01.Cooking\01.Cooking.csproj", "{44F9F9E8-73C9-4652-A1E2-E77525D978D7}"
EndProject
Project("{FAE04EC0-301F-11D3-BF4B-00C04F79EFBC}") = "BakeryOpenning", "BakeryOpenning\BakeryOpenning.csproj", "{14D756A7-D147-4F93-8A79-273FFFC3D604}"
EndProject
Global
	GlobalSection(SolutionConfigurationPlatforms) = preSolution
		Debug|Any CPU = Debug|Any CPU
		Release|Any CPU = Release|Any CPU
	EndGlobalSection
	GlobalSection(ProjectConfigurationPlatforms) = postSolution
		{1EA3C392-8A4F-460D-92FF-EB57970F78C1}.Debug|Any CPU.ActiveCfg = Debug|Any CPU
		{1EA3C392-8A4F-460D-92FF-EB57970F78C1}.Debug|Any CPU.Build.0 = Debug|Any CPU
		{1EA3C392-8A4F-460D-92FF-EB57970F78C1}.Release|Any CPU.ActiveCfg = Release|Any CPU
		{1EA3C392-8A4F-460D-92FF-EB57970F78C1}.Release|Any CPU.Build.0 = Release|Any CPU
		{44F9F9E8-73C9-4652-A1E2-E77525D978D7}.Debug|Any CPU.ActiveCfg = Debug|Any CPU
		{44F9F9E8-73C9-4652-A1E2-E77525D978D7}.Debug|Any CPU.Build.0 = Debug|Any CPU
		{44F9F9E8-73C9-4652-A1E2-E77525D978D7}.Release|Any CPU.ActiveCfg = Release|Any CPU
		{44F9F9E8-73C9-4652-A1E2-E77525D978D7}.Release|Any CPU.Build.0 = Release|Any CPU
		{14D756A7-D147-4F93-8A79-273FFFC3D604}.Debug|Any CPU.ActiveCfg = Debug|Any CPU
		{14D756A7-D147-4F93-8A79-273FFFC3D604}.Debug|Any CPU.Build.0 = Debug|Any CPU
		{14D756A7-D147-4F93-8A79-273FFFC3D604}.Release|Any CPU.ActiveCfg = Release|Any CPU
		{14D756A7-D147-4F93-8A79-273FFFC3D604}.Release|Any CPU.Build.0 = Release|Any CPU
	EndGlobalSection
	GlobalSection(SolutionProperties) = preSolution
		HideSolutionNode = FALSE
	EndGlobalSection
	GlobalSection(ExtensibilityGlobals) = postSolution
		SolutionGuid = {E15F6C7D-CBCF-40D5-BF69-E6E0454BF7AD}
	EndGlobalSection
EndGlobal
