
Microsoft Visual Studio Solution File, Format Version 12.00
# Visual Studio Version 16
VisualStudioVersion = 16.0.32002.261
MinimumVisualStudioVersion = 10.0.40219.1
Project("{9A19103F-16F7-4668-BE54-9A1E7A4F7556}") = "1.DiagonalDifference", "1.DiagonalDifference\1.DiagonalDifference.csproj", "{80347448-F6F8-4065-83E4-C9E64580DC06}"
EndProject
Project("{9A19103F-16F7-4668-BE54-9A1E7A4F7556}") = "2.SquaresInMatrix", "2.SquaresInMatrix\2.SquaresInMatrix.csproj", "{BECB9FFA-2532-4620-93EB-456766AFE21E}"
EndProject
Project("{9A19103F-16F7-4668-BE54-9A1E7A4F7556}") = "3.MaximalSum", "3.MaximalSum\3.MaximalSum.csproj", "{BF26AC73-9D23-4B47-8438-B09DE0D5A9FA}"
EndProject
Project("{9A19103F-16F7-4668-BE54-9A1E7A4F7556}") = "4.MatrixShuffling", "4.MatrixShuffling\4.MatrixShuffling.csproj", "{A8E7D556-0FD0-4FF0-A6FA-88AEA7A56A4D}"
EndProject
Project("{FAE04EC0-301F-11D3-BF4B-00C04F79EFBC}") = "5.SnakeMoves", "5.SnakeMoves\5.SnakeMoves.csproj", "{2CF3C6B1-03FD-4BDF-B8C7-3B28D1A2FA47}"
EndProject
Global
	GlobalSection(SolutionConfigurationPlatforms) = preSolution
		Debug|Any CPU = Debug|Any CPU
		Release|Any CPU = Release|Any CPU
	EndGlobalSection
	GlobalSection(ProjectConfigurationPlatforms) = postSolution
		{80347448-F6F8-4065-83E4-C9E64580DC06}.Debug|Any CPU.ActiveCfg = Debug|Any CPU
		{80347448-F6F8-4065-83E4-C9E64580DC06}.Debug|Any CPU.Build.0 = Debug|Any CPU
		{80347448-F6F8-4065-83E4-C9E64580DC06}.Release|Any CPU.ActiveCfg = Release|Any CPU
		{80347448-F6F8-4065-83E4-C9E64580DC06}.Release|Any CPU.Build.0 = Release|Any CPU
		{BECB9FFA-2532-4620-93EB-456766AFE21E}.Debug|Any CPU.ActiveCfg = Debug|Any CPU
		{BECB9FFA-2532-4620-93EB-456766AFE21E}.Debug|Any CPU.Build.0 = Debug|Any CPU
		{BECB9FFA-2532-4620-93EB-456766AFE21E}.Release|Any CPU.ActiveCfg = Release|Any CPU
		{BECB9FFA-2532-4620-93EB-456766AFE21E}.Release|Any CPU.Build.0 = Release|Any CPU
		{BF26AC73-9D23-4B47-8438-B09DE0D5A9FA}.Debug|Any CPU.ActiveCfg = Debug|Any CPU
		{BF26AC73-9D23-4B47-8438-B09DE0D5A9FA}.Debug|Any CPU.Build.0 = Debug|Any CPU
		{BF26AC73-9D23-4B47-8438-B09DE0D5A9FA}.Release|Any CPU.ActiveCfg = Release|Any CPU
		{BF26AC73-9D23-4B47-8438-B09DE0D5A9FA}.Release|Any CPU.Build.0 = Release|Any CPU
		{A8E7D556-0FD0-4FF0-A6FA-88AEA7A56A4D}.Debug|Any CPU.ActiveCfg = Debug|Any CPU
		{A8E7D556-0FD0-4FF0-A6FA-88AEA7A56A4D}.Debug|Any CPU.Build.0 = Debug|Any CPU
		{A8E7D556-0FD0-4FF0-A6FA-88AEA7A56A4D}.Release|Any CPU.ActiveCfg = Release|Any CPU
		{A8E7D556-0FD0-4FF0-A6FA-88AEA7A56A4D}.Release|Any CPU.Build.0 = Release|Any CPU
		{2CF3C6B1-03FD-4BDF-B8C7-3B28D1A2FA47}.Debug|Any CPU.ActiveCfg = Debug|Any CPU
		{2CF3C6B1-03FD-4BDF-B8C7-3B28D1A2FA47}.Debug|Any CPU.Build.0 = Debug|Any CPU
		{2CF3C6B1-03FD-4BDF-B8C7-3B28D1A2FA47}.Release|Any CPU.ActiveCfg = Release|Any CPU
		{2CF3C6B1-03FD-4BDF-B8C7-3B28D1A2FA47}.Release|Any CPU.Build.0 = Release|Any CPU
	EndGlobalSection
	GlobalSection(SolutionProperties) = preSolution
		HideSolutionNode = FALSE
	EndGlobalSection
	GlobalSection(ExtensibilityGlobals) = postSolution
		SolutionGuid = {E9913972-941F-4EBC-8AD5-A8D0C9A3E11B}
	EndGlobalSection
EndGlobal
