
Microsoft Visual Studio Solution File, Format Version 12.00
# Visual Studio Version 16
VisualStudioVersion = 16.0.32002.261
MinimumVisualStudioVersion = 10.0.40219.1
Project("{FAE04EC0-301F-11D3-BF4B-00C04F79EFBC}") = "CustomDoublyLinkedList", "CustomDoublyLinkedList.csproj", "{781F90BE-3928-4D4A-932A-B5A324DDF94F}"
EndProject
Global
	GlobalSection(SolutionConfigurationPlatforms) = preSolution
		Debug|Any CPU = Debug|Any CPU
		Release|Any CPU = Release|Any CPU
	EndGlobalSection
	GlobalSection(ProjectConfigurationPlatforms) = postSolution
		{781F90BE-3928-4D4A-932A-B5A324DDF94F}.Debug|Any CPU.ActiveCfg = Debug|Any CPU
		{781F90BE-3928-4D4A-932A-B5A324DDF94F}.Debug|Any CPU.Build.0 = Debug|Any CPU
		{781F90BE-3928-4D4A-932A-B5A324DDF94F}.Release|Any CPU.ActiveCfg = Release|Any CPU
		{781F90BE-3928-4D4A-932A-B5A324DDF94F}.Release|Any CPU.Build.0 = Release|Any CPU
	EndGlobalSection
	GlobalSection(SolutionProperties) = preSolution
		HideSolutionNode = FALSE
	EndGlobalSection
	GlobalSection(ExtensibilityGlobals) = postSolution
		SolutionGuid = {CF658BC0-402A-43B4-83A7-4AF7CD529429}
	EndGlobalSection
EndGlobal
